
Microsoft Visual Studio Solution File, Format Version 12.00
# Visual Studio 14
VisualStudioVersion = 14.0.24720.0
MinimumVisualStudioVersion = 10.0.40219.1
Project("{FAE04EC0-301F-11D3-BF4B-00C04F79EFBC}") = "SkyBill", "SkyBill\SkyBill.csproj", "{EC9B0696-C081-4A25-AA45-D2D9F7CF07A9}"
	ProjectSection(ProjectDependencies) = postProject
		{E5FBDA28-B79D-47C7-B6DE-0062AF194802} = {E5FBDA28-B79D-47C7-B6DE-0062AF194802}
	EndProjectSection
EndProject
Project("{FAE04EC0-301F-11D3-BF4B-00C04F79EFBC}") = "ProxyService", "ProxyService\ProxyService.csproj", "{E5FBDA28-B79D-47C7-B6DE-0062AF194802}"
EndProject
Global
	GlobalSection(SolutionConfigurationPlatforms) = preSolution
		Debug|Any CPU = Debug|Any CPU
		Release|Any CPU = Release|Any CPU
	EndGlobalSection
	GlobalSection(ProjectConfigurationPlatforms) = postSolution
		{EC9B0696-C081-4A25-AA45-D2D9F7CF07A9}.Debug|Any CPU.ActiveCfg = Debug|Any CPU
		{EC9B0696-C081-4A25-AA45-D2D9F7CF07A9}.Debug|Any CPU.Build.0 = Debug|Any CPU
		{EC9B0696-C081-4A25-AA45-D2D9F7CF07A9}.Release|Any CPU.ActiveCfg = Release|Any CPU
		{EC9B0696-C081-4A25-AA45-D2D9F7CF07A9}.Release|Any CPU.Build.0 = Release|Any CPU
		{E5FBDA28-B79D-47C7-B6DE-0062AF194802}.Debug|Any CPU.ActiveCfg = Debug|Any CPU
		{E5FBDA28-B79D-47C7-B6DE-0062AF194802}.Debug|Any CPU.Build.0 = Debug|Any CPU
		{E5FBDA28-B79D-47C7-B6DE-0062AF194802}.Release|Any CPU.ActiveCfg = Release|Any CPU
		{E5FBDA28-B79D-47C7-B6DE-0062AF194802}.Release|Any CPU.Build.0 = Release|Any CPU
	EndGlobalSection
	GlobalSection(SolutionProperties) = preSolution
		HideSolutionNode = FALSE
	EndGlobalSection
EndGlobal
